
Microsoft Visual Studio Solution File, Format Version 12.00
# Visual Studio 15
VisualStudioVersion = 15.0.28010.2036
MinimumVisualStudioVersion = 10.0.40219.1
Project("{8BC9CEB8-8B4A-11D0-8D11-00A0C91BC942}") = "P18", "P18\P18.vcxproj", "{EEA4E72B-D106-49B7-8A6F-02889AE6BDC8}"
EndProject
Global
	GlobalSection(SolutionConfigurationPlatforms) = preSolution
		Debug|x64 = Debug|x64
		Debug|x86 = Debug|x86
		Release|x64 = Release|x64
		Release|x86 = Release|x86
	EndGlobalSection
	GlobalSection(ProjectConfigurationPlatforms) = postSolution
		{EEA4E72B-D106-49B7-8A6F-02889AE6BDC8}.Debug|x64.ActiveCfg = Debug|x64
		{EEA4E72B-D106-49B7-8A6F-02889AE6BDC8}.Debug|x64.Build.0 = Debug|x64
		{EEA4E72B-D106-49B7-8A6F-02889AE6BDC8}.Debug|x86.ActiveCfg = Debug|Win32
		{EEA4E72B-D106-49B7-8A6F-02889AE6BDC8}.Debug|x86.Build.0 = Debug|Win32
		{EEA4E72B-D106-49B7-8A6F-02889AE6BDC8}.Release|x64.ActiveCfg = Release|x64
		{EEA4E72B-D106-49B7-8A6F-02889AE6BDC8}.Release|x64.Build.0 = Release|x64
		{EEA4E72B-D106-49B7-8A6F-02889AE6BDC8}.Release|x86.ActiveCfg = Release|Win32
		{EEA4E72B-D106-49B7-8A6F-02889AE6BDC8}.Release|x86.Build.0 = Release|Win32
	EndGlobalSection
	GlobalSection(SolutionProperties) = preSolution
		HideSolutionNode = FALSE
	EndGlobalSection
	GlobalSection(ExtensibilityGlobals) = postSolution
		SolutionGuid = {1F264AC1-3AD1-454B-9E26-5C0734BBBDBB}
	EndGlobalSection
EndGlobal
