
Microsoft Visual Studio Solution File, Format Version 12.00
# Visual Studio 15
VisualStudioVersion = 15.0.28010.2036
MinimumVisualStudioVersion = 10.0.40219.1
Project("{8BC9CEB8-8B4A-11D0-8D11-00A0C91BC942}") = "P17", "P17\P17.vcxproj", "{1DA22BA6-F4F3-4B18-AE73-5A7E686595CA}"
EndProject
Global
	GlobalSection(SolutionConfigurationPlatforms) = preSolution
		Debug|x64 = Debug|x64
		Debug|x86 = Debug|x86
		Release|x64 = Release|x64
		Release|x86 = Release|x86
	EndGlobalSection
	GlobalSection(ProjectConfigurationPlatforms) = postSolution
		{1DA22BA6-F4F3-4B18-AE73-5A7E686595CA}.Debug|x64.ActiveCfg = Debug|x64
		{1DA22BA6-F4F3-4B18-AE73-5A7E686595CA}.Debug|x64.Build.0 = Debug|x64
		{1DA22BA6-F4F3-4B18-AE73-5A7E686595CA}.Debug|x86.ActiveCfg = Debug|Win32
		{1DA22BA6-F4F3-4B18-AE73-5A7E686595CA}.Debug|x86.Build.0 = Debug|Win32
		{1DA22BA6-F4F3-4B18-AE73-5A7E686595CA}.Release|x64.ActiveCfg = Release|x64
		{1DA22BA6-F4F3-4B18-AE73-5A7E686595CA}.Release|x64.Build.0 = Release|x64
		{1DA22BA6-F4F3-4B18-AE73-5A7E686595CA}.Release|x86.ActiveCfg = Release|Win32
		{1DA22BA6-F4F3-4B18-AE73-5A7E686595CA}.Release|x86.Build.0 = Release|Win32
	EndGlobalSection
	GlobalSection(SolutionProperties) = preSolution
		HideSolutionNode = FALSE
	EndGlobalSection
	GlobalSection(ExtensibilityGlobals) = postSolution
		SolutionGuid = {ADF24A51-0FF1-46A6-8D74-C1DE597C1277}
	EndGlobalSection
EndGlobal
